# This file is generated by running "yarn install" inside your project.
# Manual changes might be lost - proceed with caution!

__metadata:
  version: 8
  cacheKey: 10c0

"@ampproject/remapping@npm:^2.2.0":
  version: 2.3.0
  resolution: "@ampproject/remapping@npm:2.3.0"
  dependencies:
    "@jridgewell/gen-mapping": "npm:^0.3.5"
    "@jridgewell/trace-mapping": "npm:^0.3.24"
  checksum: 10c0/81d63cca5443e0f0c72ae18b544cc28c7c0ec2cea46e7cb888bb0e0f411a1191d0d6b7af798d54e30777d8d1488b2ec0732aac2be342d3d7d3ffd271c6f489ed
  languageName: node
  linkType: hard

"@babel/code-frame@npm:^7.0.0":
  version: 7.24.7
  resolution: "@babel/code-frame@npm:7.24.7"
  dependencies:
    "@babel/highlight": "npm:^7.24.7"
    picocolors: "npm:^1.0.0"
  checksum: 10c0/ab0af539473a9f5aeaac7047e377cb4f4edd255a81d84a76058595f8540784cc3fbe8acf73f1e073981104562490aabfb23008cd66dc677a456a4ed5390fdde6
  languageName: node
  linkType: hard

"@babel/code-frame@npm:^7.26.2":
  version: 7.26.2
  resolution: "@babel/code-frame@npm:7.26.2"
  dependencies:
    "@babel/helper-validator-identifier": "npm:^7.25.9"
    js-tokens: "npm:^4.0.0"
    picocolors: "npm:^1.0.0"
  checksum: 10c0/7d79621a6849183c415486af99b1a20b84737e8c11cd55b6544f688c51ce1fd710e6d869c3dd21232023da272a79b91efb3e83b5bc2dc65c1187c5fcd1b72ea8
  languageName: node
  linkType: hard

"@babel/code-frame@npm:^7.27.1":
  version: 7.27.1
  resolution: "@babel/code-frame@npm:7.27.1"
  dependencies:
    "@babel/helper-validator-identifier": "npm:^7.27.1"
    js-tokens: "npm:^4.0.0"
    picocolors: "npm:^1.1.1"
  checksum: 10c0/5dd9a18baa5fce4741ba729acc3a3272c49c25cb8736c4b18e113099520e7ef7b545a4096a26d600e4416157e63e87d66db46aa3fbf0a5f2286da2705c12da00
  languageName: node
  linkType: hard

"@babel/compat-data@npm:^7.26.5":
  version: 7.26.8
  resolution: "@babel/compat-data@npm:7.26.8"
  checksum: 10c0/66408a0388c3457fff1c2f6c3a061278dd7b3d2f0455ea29bb7b187fa52c60ae8b4054b3c0a184e21e45f0eaac63cf390737bc7504d1f4a088a6e7f652c068ca
  languageName: node
  linkType: hard

"@babel/compat-data@npm:^7.27.2":
  version: 7.28.5
  resolution: "@babel/compat-data@npm:7.28.5"
  checksum: 10c0/702a25de73087b0eba325c1d10979eed7c9b6662677386ba7b5aa6eace0fc0676f78343bae080a0176ae26f58bd5535d73b9d0fbb547fef377692e8b249353a7
  languageName: node
  linkType: hard

"@babel/core@npm:^7.23.9":
  version: 7.26.10
  resolution: "@babel/core@npm:7.26.10"
  dependencies:
    "@ampproject/remapping": "npm:^2.2.0"
    "@babel/code-frame": "npm:^7.26.2"
    "@babel/generator": "npm:^7.26.10"
    "@babel/helper-compilation-targets": "npm:^7.26.5"
    "@babel/helper-module-transforms": "npm:^7.26.0"
    "@babel/helpers": "npm:^7.26.10"
    "@babel/parser": "npm:^7.26.10"
    "@babel/template": "npm:^7.26.9"
    "@babel/traverse": "npm:^7.26.10"
    "@babel/types": "npm:^7.26.10"
    convert-source-map: "npm:^2.0.0"
    debug: "npm:^4.1.0"
    gensync: "npm:^1.0.0-beta.2"
    json5: "npm:^2.2.3"
    semver: "npm:^6.3.1"
  checksum: 10c0/e046e0e988ab53841b512ee9d263ca409f6c46e2a999fe53024688b92db394346fa3aeae5ea0866331f62133982eee05a675d22922a4603c3f603aa09a581d62
  languageName: node
  linkType: hard

"@babel/core@npm:^7.27.4":
  version: 7.28.5
  resolution: "@babel/core@npm:7.28.5"
  dependencies:
    "@babel/code-frame": "npm:^7.27.1"
    "@babel/generator": "npm:^7.28.5"
    "@babel/helper-compilation-targets": "npm:^7.27.2"
    "@babel/helper-module-transforms": "npm:^7.28.3"
    "@babel/helpers": "npm:^7.28.4"
    "@babel/parser": "npm:^7.28.5"
    "@babel/template": "npm:^7.27.2"
    "@babel/traverse": "npm:^7.28.5"
    "@babel/types": "npm:^7.28.5"
    "@jridgewell/remapping": "npm:^2.3.5"
    convert-source-map: "npm:^2.0.0"
    debug: "npm:^4.1.0"
    gensync: "npm:^1.0.0-beta.2"
    json5: "npm:^2.2.3"
    semver: "npm:^6.3.1"
  checksum: 10c0/535f82238027621da6bdffbdbe896ebad3558b311d6f8abc680637a9859b96edbf929ab010757055381570b29cf66c4a295b5618318d27a4273c0e2033925e72
  languageName: node
  linkType: hard

"@babel/generator@npm:^7.26.10":
  version: 7.26.10
  resolution: "@babel/generator@npm:7.26.10"
  dependencies:
    "@babel/parser": "npm:^7.26.10"
    "@babel/types": "npm:^7.26.10"
    "@jridgewell/gen-mapping": "npm:^0.3.5"
    "@jridgewell/trace-mapping": "npm:^0.3.25"
    jsesc: "npm:^3.0.2"
  checksum: 10c0/88b3b3ea80592fc89349c4e1a145e1386e4042866d2507298adf452bf972f68d13bf699a845e6ab8c028bd52c2247013eb1221b86e1db5c9779faacba9c4b10e
  languageName: node
  linkType: hard

"@babel/generator@npm:^7.27.5, @babel/generator@npm:^7.28.5":
  version: 7.28.5
  resolution: "@babel/generator@npm:7.28.5"
  dependencies:
    "@babel/parser": "npm:^7.28.5"
    "@babel/types": "npm:^7.28.5"
    "@jridgewell/gen-mapping": "npm:^0.3.12"
    "@jridgewell/trace-mapping": "npm:^0.3.28"
    jsesc: "npm:^3.0.2"
  checksum: 10c0/9f219fe1d5431b6919f1a5c60db8d5d34fe546c0d8f5a8511b32f847569234ffc8032beb9e7404649a143f54e15224ecb53a3d11b6bb85c3203e573d91fca752
  languageName: node
  linkType: hard

"@babel/helper-compilation-targets@npm:^7.26.5":
  version: 7.26.5
  resolution: "@babel/helper-compilation-targets@npm:7.26.5"
  dependencies:
    "@babel/compat-data": "npm:^7.26.5"
    "@babel/helper-validator-option": "npm:^7.25.9"
    browserslist: "npm:^4.24.0"
    lru-cache: "npm:^5.1.1"
    semver: "npm:^6.3.1"
  checksum: 10c0/9da5c77e5722f1a2fcb3e893049a01d414124522bbf51323bb1a0c9dcd326f15279836450fc36f83c9e8a846f3c40e88be032ed939c5a9840922bed6073edfb4
  languageName: node
  linkType: hard

"@babel/helper-compilation-targets@npm:^7.27.2":
  version: 7.27.2
  resolution: "@babel/helper-compilation-targets@npm:7.27.2"
  dependencies:
    "@babel/compat-data": "npm:^7.27.2"
    "@babel/helper-validator-option": "npm:^7.27.1"
    browserslist: "npm:^4.24.0"
    lru-cache: "npm:^5.1.1"
    semver: "npm:^6.3.1"
  checksum: 10c0/f338fa00dcfea931804a7c55d1a1c81b6f0a09787e528ec580d5c21b3ecb3913f6cb0f361368973ce953b824d910d3ac3e8a8ee15192710d3563826447193ad1
  languageName: node
  linkType: hard

"@babel/helper-globals@npm:^7.28.0":
  version: 7.28.0
  resolution: "@babel/helper-globals@npm:7.28.0"
  checksum: 10c0/5a0cd0c0e8c764b5f27f2095e4243e8af6fa145daea2b41b53c0c1414fe6ff139e3640f4e2207ae2b3d2153a1abd346f901c26c290ee7cb3881dd922d4ee9232
  languageName: node
  linkType: hard

"@babel/helper-module-imports@npm:^7.25.9":
  version: 7.25.9
  resolution: "@babel/helper-module-imports@npm:7.25.9"
  dependencies:
    "@babel/traverse": "npm:^7.25.9"
    "@babel/types": "npm:^7.25.9"
  checksum: 10c0/078d3c2b45d1f97ffe6bb47f61961be4785d2342a4156d8b42c92ee4e1b7b9e365655dd6cb25329e8fe1a675c91eeac7e3d04f0c518b67e417e29d6e27b6aa70
  languageName: node
  linkType: hard

"@babel/helper-module-imports@npm:^7.27.1":
  version: 7.27.1
  resolution: "@babel/helper-module-imports@npm:7.27.1"
  dependencies:
    "@babel/traverse": "npm:^7.27.1"
    "@babel/types": "npm:^7.27.1"
  checksum: 10c0/e00aace096e4e29290ff8648455c2bc4ed982f0d61dbf2db1b5e750b9b98f318bf5788d75a4f974c151bd318fd549e81dbcab595f46b14b81c12eda3023f51e8
  languageName: node
  linkType: hard

"@babel/helper-module-transforms@npm:^7.26.0":
  version: 7.26.0
  resolution: "@babel/helper-module-transforms@npm:7.26.0"
  dependencies:
    "@babel/helper-module-imports": "npm:^7.25.9"
    "@babel/helper-validator-identifier": "npm:^7.25.9"
    "@babel/traverse": "npm:^7.25.9"
  peerDependencies:
    "@babel/core": ^7.0.0
  checksum: 10c0/ee111b68a5933481d76633dad9cdab30c41df4479f0e5e1cc4756dc9447c1afd2c9473b5ba006362e35b17f4ebddd5fca090233bef8dfc84dca9d9127e56ec3a
  languageName: node
  linkType: hard

"@babel/helper-module-transforms@npm:^7.28.3":
  version: 7.28.3
  resolution: "@babel/helper-module-transforms@npm:7.28.3"
  dependencies:
    "@babel/helper-module-imports": "npm:^7.27.1"
    "@babel/helper-validator-identifier": "npm:^7.27.1"
    "@babel/traverse": "npm:^7.28.3"
  peerDependencies:
    "@babel/core": ^7.0.0
  checksum: 10c0/549be62515a6d50cd4cfefcab1b005c47f89bd9135a22d602ee6a5e3a01f27571868ada10b75b033569f24dc4a2bb8d04bfa05ee75c16da7ade2d0db1437fcdb
  languageName: node
  linkType: hard

"@babel/helper-plugin-utils@npm:^7.0.0, @babel/helper-plugin-utils@npm:^7.10.4, @babel/helper-plugin-utils@npm:^7.12.13, @babel/helper-plugin-utils@npm:^7.14.5, @babel/helper-plugin-utils@npm:^7.24.8, @babel/helper-plugin-utils@npm:^7.8.0":
  version: 7.24.8
  resolution: "@babel/helper-plugin-utils@npm:7.24.8"
  checksum: 10c0/0376037f94a3bfe6b820a39f81220ac04f243eaee7193774b983e956c1750883ff236b30785795abbcda43fac3ece74750566830c2daa4d6e3870bb0dff34c2d
  languageName: node
  linkType: hard

"@babel/helper-plugin-utils@npm:^7.27.1":
  version: 7.27.1
  resolution: "@babel/helper-plugin-utils@npm:7.27.1"
  checksum: 10c0/94cf22c81a0c11a09b197b41ab488d416ff62254ce13c57e62912c85700dc2e99e555225787a4099ff6bae7a1812d622c80fbaeda824b79baa10a6c5ac4cf69b
  languageName: node
  linkType: hard

"@babel/helper-string-parser@npm:^7.24.8":
  version: 7.24.8
  resolution: "@babel/helper-string-parser@npm:7.24.8"
  checksum: 10c0/6361f72076c17fabf305e252bf6d580106429014b3ab3c1f5c4eb3e6d465536ea6b670cc0e9a637a77a9ad40454d3e41361a2909e70e305116a23d68ce094c08
  languageName: node
  linkType: hard

"@babel/helper-string-parser@npm:^7.25.9":
  version: 7.25.9
  resolution: "@babel/helper-string-parser@npm:7.25.9"
  checksum: 10c0/7244b45d8e65f6b4338a6a68a8556f2cb161b782343e97281a5f2b9b93e420cad0d9f5773a59d79f61d0c448913d06f6a2358a87f2e203cf112e3c5b53522ee6
  languageName: node
  linkType: hard

"@babel/helper-string-parser@npm:^7.27.1":
  version: 7.27.1
  resolution: "@babel/helper-string-parser@npm:7.27.1"
  checksum: 10c0/8bda3448e07b5583727c103560bcf9c4c24b3c1051a4c516d4050ef69df37bb9a4734a585fe12725b8c2763de0a265aa1e909b485a4e3270b7cfd3e4dbe4b602
  languageName: node
  linkType: hard

"@babel/helper-validator-identifier@npm:^7.24.7":
  version: 7.24.7
  resolution: "@babel/helper-validator-identifier@npm:7.24.7"
  checksum: 10c0/87ad608694c9477814093ed5b5c080c2e06d44cb1924ae8320474a74415241223cc2a725eea2640dd783ff1e3390e5f95eede978bc540e870053152e58f1d651
  languageName: node
  linkType: hard

"@babel/helper-validator-identifier@npm:^7.25.9":
  version: 7.25.9
  resolution: "@babel/helper-validator-identifier@npm:7.25.9"
  checksum: 10c0/4fc6f830177b7b7e887ad3277ddb3b91d81e6c4a24151540d9d1023e8dc6b1c0505f0f0628ae653601eb4388a8db45c1c14b2c07a9173837aef7e4116456259d
  languageName: node
  linkType: hard

"@babel/helper-validator-identifier@npm:^7.27.1, @babel/helper-validator-identifier@npm:^7.28.5":
  version: 7.28.5
  resolution: "@babel/helper-validator-identifier@npm:7.28.5"
  checksum: 10c0/42aaebed91f739a41f3d80b72752d1f95fd7c72394e8e4bd7cdd88817e0774d80a432451bcba17c2c642c257c483bf1d409dd4548883429ea9493a3bc4ab0847
  languageName: node
  linkType: hard

"@babel/helper-validator-option@npm:^7.25.9":
  version: 7.25.9
  resolution: "@babel/helper-validator-option@npm:7.25.9"
  checksum: 10c0/27fb195d14c7dcb07f14e58fe77c44eea19a6a40a74472ec05c441478fa0bb49fa1c32b2d64be7a38870ee48ef6601bdebe98d512f0253aea0b39756c4014f3e
  languageName: node
  linkType: hard

"@babel/helper-validator-option@npm:^7.27.1":
  version: 7.27.1
  resolution: "@babel/helper-validator-option@npm:7.27.1"
  checksum: 10c0/6fec5f006eba40001a20f26b1ef5dbbda377b7b68c8ad518c05baa9af3f396e780bdfded24c4eef95d14bb7b8fd56192a6ed38d5d439b97d10efc5f1a191d148
  languageName: node
  linkType: hard

"@babel/helpers@npm:^7.26.10":
  version: 7.26.10
  resolution: "@babel/helpers@npm:7.26.10"
  dependencies:
    "@babel/template": "npm:^7.26.9"
    "@babel/types": "npm:^7.26.10"
  checksum: 10c0/f99e1836bcffce96db43158518bb4a24cf266820021f6461092a776cba2dc01d9fc8b1b90979d7643c5c2ab7facc438149064463a52dd528b21c6ab32509784f
  languageName: node
  linkType: hard

"@babel/helpers@npm:^7.28.4":
  version: 7.28.4
  resolution: "@babel/helpers@npm:7.28.4"
  dependencies:
    "@babel/template": "npm:^7.27.2"
    "@babel/types": "npm:^7.28.4"
  checksum: 10c0/aaa5fb8098926dfed5f223adf2c5e4c7fbba4b911b73dfec2d7d3083f8ba694d201a206db673da2d9b3ae8c01793e795767654558c450c8c14b4c2175b4fcb44
  languageName: node
  linkType: hard

"@babel/highlight@npm:^7.24.7":
  version: 7.24.7
  resolution: "@babel/highlight@npm:7.24.7"
  dependencies:
    "@babel/helper-validator-identifier": "npm:^7.24.7"
    chalk: "npm:^2.4.2"
    js-tokens: "npm:^4.0.0"
    picocolors: "npm:^1.0.0"
  checksum: 10c0/674334c571d2bb9d1c89bdd87566383f59231e16bcdcf5bb7835babdf03c9ae585ca0887a7b25bdf78f303984af028df52831c7989fecebb5101cc132da9393a
  languageName: node
  linkType: hard

"@babel/parser@npm:^7.1.0, @babel/parser@npm:^7.20.7":
  version: 7.25.6
  resolution: "@babel/parser@npm:7.25.6"
  dependencies:
    "@babel/types": "npm:^7.25.6"
  bin:
    parser: ./bin/babel-parser.js
  checksum: 10c0/f88a0e895dbb096fd37c4527ea97d12b5fc013720602580a941ac3a339698872f0c911e318c292b184c36b5fbe23b612f05aff9d24071bc847c7b1c21552c41d
  languageName: node
  linkType: hard

"@babel/parser@npm:^7.23.9, @babel/parser@npm:^7.26.10, @babel/parser@npm:^7.26.9":
  version: 7.26.10
  resolution: "@babel/parser@npm:7.26.10"
  dependencies:
    "@babel/types": "npm:^7.26.10"
  bin:
    parser: ./bin/babel-parser.js
  checksum: 10c0/c47f5c0f63cd12a663e9dc94a635f9efbb5059d98086a92286d7764357c66bceba18ccbe79333e01e9be3bfb8caba34b3aaebfd8e62c3d5921c8cf907267be75
  languageName: node
  linkType: hard

"@babel/parser@npm:^7.27.2, @babel/parser@npm:^7.28.5":
  version: 7.28.5
  resolution: "@babel/parser@npm:7.28.5"
  dependencies:
    "@babel/types": "npm:^7.28.5"
  bin:
    parser: ./bin/babel-parser.js
  checksum: 10c0/5bbe48bf2c79594ac02b490a41ffde7ef5aa22a9a88ad6bcc78432a6ba8a9d638d531d868bd1f104633f1f6bba9905746e15185b8276a3756c42b765d131b1ef
  languageName: node
  linkType: hard

"@babel/plugin-syntax-async-generators@npm:^7.8.4":
  version: 7.8.4
  resolution: "@babel/plugin-syntax-async-generators@npm:7.8.4"
  dependencies:
    "@babel/helper-plugin-utils": "npm:^7.8.0"
  peerDependencies:
    "@babel/core": ^7.0.0-0
  checksum: 10c0/d13efb282838481348c71073b6be6245b35d4f2f964a8f71e4174f235009f929ef7613df25f8d2338e2d3e44bc4265a9f8638c6aaa136d7a61fe95985f9725c8
  languageName: node
  linkType: hard

"@babel/plugin-syntax-bigint@npm:^7.8.3":
  version: 7.8.3
  resolution: "@babel/plugin-syntax-bigint@npm:7.8.3"
  dependencies:
    "@babel/helper-plugin-utils": "npm:^7.8.0"
  peerDependencies:
    "@babel/core": ^7.0.0-0
  checksum: 10c0/686891b81af2bc74c39013655da368a480f17dd237bf9fbc32048e5865cb706d5a8f65438030da535b332b1d6b22feba336da8fa931f663b6b34e13147d12dde
  languageName: node
  linkType: hard

"@babel/plugin-syntax-class-properties@npm:^7.12.13":
  version: 7.12.13
  resolution: "@babel/plugin-syntax-class-properties@npm:7.12.13"
  dependencies:
    "@babel/helper-plugin-utils": "npm:^7.12.13"
  peerDependencies:
    "@babel/core": ^7.0.0-0
  checksum: 10c0/95168fa186416195280b1264fb18afcdcdcea780b3515537b766cb90de6ce042d42dd6a204a39002f794ae5845b02afb0fd4861a3308a861204a55e68310a120
  languageName: node
  linkType: hard

"@babel/plugin-syntax-class-static-block@npm:^7.14.5":
  version: 7.14.5
  resolution: "@babel/plugin-syntax-class-static-block@npm:7.14.5"
  dependencies:
    "@babel/helper-plugin-utils": "npm:^7.14.5"
  peerDependencies:
    "@babel/core": ^7.0.0-0
  checksum: 10c0/4464bf9115f4a2d02ce1454411baf9cfb665af1da53709c5c56953e5e2913745b0fcce82982a00463d6facbdd93445c691024e310b91431a1e2f024b158f6371
  languageName: node
  linkType: hard

"@babel/plugin-syntax-import-attributes@npm:^7.24.7":
  version: 7.25.6
  resolution: "@babel/plugin-syntax-import-attributes@npm:7.25.6"
  dependencies:
    "@babel/helper-plugin-utils": "npm:^7.24.8"
  peerDependencies:
    "@babel/core": ^7.0.0-0
  checksum: 10c0/0e9359cf2d117476310961dfcfd7204ed692e933707da10d6194153d3996cd2ea5b7635fc90d720dce3612083af89966bb862561064a509c350320dc98644751
  languageName: node
  linkType: hard

"@babel/plugin-syntax-import-meta@npm:^7.10.4":
  version: 7.10.4
  resolution: "@babel/plugin-syntax-import-meta@npm:7.10.4"
  dependencies:
    "@babel/helper-plugin-utils": "npm:^7.10.4"
  peerDependencies:
    "@babel/core": ^7.0.0-0
  checksum: 10c0/0b08b5e4c3128523d8e346f8cfc86824f0da2697b1be12d71af50a31aff7a56ceb873ed28779121051475010c28d6146a6bfea8518b150b71eeb4e46190172ee
  languageName: node
  linkType: hard

"@babel/plugin-syntax-json-strings@npm:^7.8.3":
  version: 7.8.3
  resolution: "@babel/plugin-syntax-json-strings@npm:7.8.3"
  dependencies:
    "@babel/helper-plugin-utils": "npm:^7.8.0"
  peerDependencies:
    "@babel/core": ^7.0.0-0
  checksum: 10c0/e98f31b2ec406c57757d115aac81d0336e8434101c224edd9a5c93cefa53faf63eacc69f3138960c8b25401315af03df37f68d316c151c4b933136716ed6906e
  languageName: node
  linkType: hard

"@babel/plugin-syntax-jsx@npm:^7.27.1":
  version: 7.27.1
  resolution: "@babel/plugin-syntax-jsx@npm:7.27.1"
  dependencies:
    "@babel/helper-plugin-utils": "npm:^7.27.1"
  peerDependencies:
    "@babel/core": ^7.0.0-0
  checksum: 10c0/bc5afe6a458d5f0492c02a54ad98c5756a0c13bd6d20609aae65acd560a9e141b0876da5f358dce34ea136f271c1016df58b461184d7ae9c4321e0f98588bc84
  languageName: node
  linkType: hard

"@babel/plugin-syntax-logical-assignment-operators@npm:^7.10.4":
  version: 7.10.4
  resolution: "@babel/plugin-syntax-logical-assignment-operators@npm:7.10.4"
  dependencies:
    "@babel/helper-plugin-utils": "npm:^7.10.4"
  peerDependencies:
    "@babel/core": ^7.0.0-0
  checksum: 10c0/2594cfbe29411ad5bc2ad4058de7b2f6a8c5b86eda525a993959438615479e59c012c14aec979e538d60a584a1a799b60d1b8942c3b18468cb9d99b8fd34cd0b
  languageName: node
  linkType: hard

"@babel/plugin-syntax-nullish-coalescing-operator@npm:^7.8.3":
  version: 7.8.3
  resolution: "@babel/plugin-syntax-nullish-coalescing-operator@npm:7.8.3"
  dependencies:
    "@babel/helper-plugin-utils": "npm:^7.8.0"
  peerDependencies:
    "@babel/core": ^7.0.0-0
  checksum: 10c0/2024fbb1162899094cfc81152449b12bd0cc7053c6d4bda8ac2852545c87d0a851b1b72ed9560673cbf3ef6248257262c3c04aabf73117215c1b9cc7dd2542ce
  languageName: node
  linkType: hard

"@babel/plugin-syntax-numeric-separator@npm:^7.10.4":
  version: 7.10.4
  resolution: "@babel/plugin-syntax-numeric-separator@npm:7.10.4"
  dependencies:
    "@babel/helper-plugin-utils": "npm:^7.10.4"
  peerDependencies:
    "@babel/core": ^7.0.0-0
  checksum: 10c0/c55a82b3113480942c6aa2fcbe976ff9caa74b7b1109ff4369641dfbc88d1da348aceb3c31b6ed311c84d1e7c479440b961906c735d0ab494f688bf2fd5b9bb9
  languageName: node
  linkType: hard

"@babel/plugin-syntax-object-rest-spread@npm:^7.8.3":
  version: 7.8.3
  resolution: "@babel/plugin-syntax-object-rest-spread@npm:7.8.3"
  dependencies:
    "@babel/helper-plugin-utils": "npm:^7.8.0"
  peerDependencies:
    "@babel/core": ^7.0.0-0
  checksum: 10c0/ee1eab52ea6437e3101a0a7018b0da698545230015fc8ab129d292980ec6dff94d265e9e90070e8ae5fed42f08f1622c14c94552c77bcac784b37f503a82ff26
  languageName: node
  linkType: hard

"@babel/plugin-syntax-optional-catch-binding@npm:^7.8.3":
  version: 7.8.3
  resolution: "@babel/plugin-syntax-optional-catch-binding@npm:7.8.3"
  dependencies:
    "@babel/helper-plugin-utils": "npm:^7.8.0"
  peerDependencies:
    "@babel/core": ^7.0.0-0
  checksum: 10c0/27e2493ab67a8ea6d693af1287f7e9acec206d1213ff107a928e85e173741e1d594196f99fec50e9dde404b09164f39dec5864c767212154ffe1caa6af0bc5af
  languageName: node
  linkType: hard

"@babel/plugin-syntax-optional-chaining@npm:^7.8.3":
  version: 7.8.3
  resolution: "@babel/plugin-syntax-optional-chaining@npm:7.8.3"
  dependencies:
    "@babel/helper-plugin-utils": "npm:^7.8.0"
  peerDependencies:
    "@babel/core": ^7.0.0-0
  checksum: 10c0/46edddf2faa6ebf94147b8e8540dfc60a5ab718e2de4d01b2c0bdf250a4d642c2bd47cbcbb739febcb2bf75514dbcefad3c52208787994b8d0f8822490f55e81
  languageName: node
  linkType: hard

"@babel/plugin-syntax-private-property-in-object@npm:^7.14.5":
  version: 7.14.5
  resolution: "@babel/plugin-syntax-private-property-in-object@npm:7.14.5"
  dependencies:
    "@babel/helper-plugin-utils": "npm:^7.14.5"
  peerDependencies:
    "@babel/core": ^7.0.0-0
  checksum: 10c0/69822772561706c87f0a65bc92d0772cea74d6bc0911537904a676d5ff496a6d3ac4e05a166d8125fce4a16605bace141afc3611074e170a994e66e5397787f3
  languageName: node
  linkType: hard

"@babel/plugin-syntax-top-level-await@npm:^7.14.5":
  version: 7.14.5
  resolution: "@babel/plugin-syntax-top-level-await@npm:7.14.5"
  dependencies:
    "@babel/helper-plugin-utils": "npm:^7.14.5"
  peerDependencies:
    "@babel/core": ^7.0.0-0
  checksum: 10c0/14bf6e65d5bc1231ffa9def5f0ef30b19b51c218fcecaa78cd1bdf7939dfdf23f90336080b7f5196916368e399934ce5d581492d8292b46a2fb569d8b2da106f
  languageName: node
  linkType: hard

"@babel/plugin-syntax-typescript@npm:^7.27.1":
  version: 7.27.1
  resolution: "@babel/plugin-syntax-typescript@npm:7.27.1"
  dependencies:
    "@babel/helper-plugin-utils": "npm:^7.27.1"
  peerDependencies:
    "@babel/core": ^7.0.0-0
  checksum: 10c0/11589b4c89c66ef02d57bf56c6246267851ec0c361f58929327dc3e070b0dab644be625bbe7fb4c4df30c3634bfdfe31244e1f517be397d2def1487dbbe3c37d
  languageName: node
  linkType: hard

"@babel/template@npm:^7.26.9":
  version: 7.26.9
  resolution: "@babel/template@npm:7.26.9"
  dependencies:
    "@babel/code-frame": "npm:^7.26.2"
    "@babel/parser": "npm:^7.26.9"
    "@babel/types": "npm:^7.26.9"
  checksum: 10c0/019b1c4129cc01ad63e17529089c2c559c74709d225f595eee017af227fee11ae8a97a6ab19ae6768b8aa22d8d75dcb60a00b28f52e9fa78140672d928bc1ae9
  languageName: node
  linkType: hard

"@babel/template@npm:^7.27.2":
  version: 7.27.2
  resolution: "@babel/template@npm:7.27.2"
  dependencies:
    "@babel/code-frame": "npm:^7.27.1"
    "@babel/parser": "npm:^7.27.2"
    "@babel/types": "npm:^7.27.1"
  checksum: 10c0/ed9e9022651e463cc5f2cc21942f0e74544f1754d231add6348ff1b472985a3b3502041c0be62dc99ed2d12cfae0c51394bf827452b98a2f8769c03b87aadc81
  languageName: node
  linkType: hard

"@babel/traverse@npm:^7.25.9, @babel/traverse@npm:^7.26.10":
  version: 7.26.10
  resolution: "@babel/traverse@npm:7.26.10"
  dependencies:
    "@babel/code-frame": "npm:^7.26.2"
    "@babel/generator": "npm:^7.26.10"
    "@babel/parser": "npm:^7.26.10"
    "@babel/template": "npm:^7.26.9"
    "@babel/types": "npm:^7.26.10"
    debug: "npm:^4.3.1"
    globals: "npm:^11.1.0"
  checksum: 10c0/4e86bb4e3c30a6162bb91df86329df79d96566c3e2d9ccba04f108c30473a3a4fd360d9990531493d90f6a12004f10f616bf9b9229ca30c816b708615e9de2ac
  languageName: node
  linkType: hard

"@babel/traverse@npm:^7.27.1, @babel/traverse@npm:^7.28.3, @babel/traverse@npm:^7.28.5":
  version: 7.28.5
  resolution: "@babel/traverse@npm:7.28.5"
  dependencies:
    "@babel/code-frame": "npm:^7.27.1"
    "@babel/generator": "npm:^7.28.5"
    "@babel/helper-globals": "npm:^7.28.0"
    "@babel/parser": "npm:^7.28.5"
    "@babel/template": "npm:^7.27.2"
    "@babel/types": "npm:^7.28.5"
    debug: "npm:^4.3.1"
  checksum: 10c0/f6c4a595993ae2b73f2d4cd9c062f2e232174d293edd4abe1d715bd6281da8d99e47c65857e8d0917d9384c65972f4acdebc6749a7c40a8fcc38b3c7fb3e706f
  languageName: node
  linkType: hard

"@babel/types@npm:^7.0.0, @babel/types@npm:^7.20.7, @babel/types@npm:^7.25.6":
  version: 7.25.6
  resolution: "@babel/types@npm:7.25.6"
  dependencies:
    "@babel/helper-string-parser": "npm:^7.24.8"
    "@babel/helper-validator-identifier": "npm:^7.24.7"
    to-fast-properties: "npm:^2.0.0"
  checksum: 10c0/89d45fbee24e27a05dca2d08300a26b905bd384a480448823f6723c72d3a30327c517476389b7280ce8cb9a2c48ef8f47da7f9f6d326faf6f53fd6b68237bdc4
  languageName: node
  linkType: hard

"@babel/types@npm:^7.25.9, @babel/types@npm:^7.26.10, @babel/types@npm:^7.26.9":
  version: 7.26.10
  resolution: "@babel/types@npm:7.26.10"
  dependencies:
    "@babel/helper-string-parser": "npm:^7.25.9"
    "@babel/helper-validator-identifier": "npm:^7.25.9"
  checksum: 10c0/7a7f83f568bfc3dfabfaf9ae3a97ab5c061726c0afa7dcd94226d4f84a81559da368ed79671e3a8039d16f12476cf110381a377ebdea07587925f69628200dac
  languageName: node
  linkType: hard

"@babel/types@npm:^7.27.1, @babel/types@npm:^7.27.3, @babel/types@npm:^7.28.4, @babel/types@npm:^7.28.5":
  version: 7.28.5
  resolution: "@babel/types@npm:7.28.5"
  dependencies:
    "@babel/helper-string-parser": "npm:^7.27.1"
    "@babel/helper-validator-identifier": "npm:^7.28.5"
  checksum: 10c0/a5a483d2100befbf125793640dec26b90b95fd233a94c19573325898a5ce1e52cdfa96e495c7dcc31b5eca5b66ce3e6d4a0f5a4a62daec271455959f208ab08a
  languageName: node
  linkType: hard

"@bcoe/v8-coverage@npm:^0.2.3":
  version: 0.2.3
  resolution: "@bcoe/v8-coverage@npm:0.2.3"
  checksum: 10c0/6b80ae4cb3db53f486da2dc63b6e190a74c8c3cca16bb2733f234a0b6a9382b09b146488ae08e2b22cf00f6c83e20f3e040a2f7894f05c045c946d6a090b1d52
  languageName: node
  linkType: hard

"@devfile/api@npm:2.3.0-1757407014":
  version: 2.3.0-1757407014
  resolution: "@devfile/api@npm:2.3.0-1757407014"
  dependencies:
    "@types/node": "npm:*"
    "@types/node-fetch": "npm:^2.5.7"
    es6-promise: "npm:^4.2.4"
    form-data: "npm:^2.5.0"
    node-fetch: "npm:^2.6.0"
    url-parse: "npm:^1.4.3"
  checksum: 10c0/838c5045cf124700892bede8bb7ad82b750901d26e3c90938d53c6fb2eb2b363e5aef476fcba47e0409f9156d7a2abde4a74deedbeb29f3eb52c851d4b474829
  languageName: node
  linkType: hard

"@eclipse-che/che-devworkspace-generator@workspace:.":
  version: 0.0.0-use.local
  resolution: "@eclipse-che/che-devworkspace-generator@workspace:."
  dependencies:
    "@devfile/api": "npm:2.3.0-1757407014"
    "@types/jest": "npm:^30.0.0"
    "@types/node": "npm:^25.0.3"
    axios: "npm:^1.13.1"
    eslint: "npm:^9.5.0"
    fs-extra: "npm:^11.2.0"
    if-env: "npm:^1.0.4"
    inversify: "npm:^7.1.0"
    jest: "npm:^30.2.0"
    js-yaml: "npm:^4.0.0"
    jsonc-parser: "npm:^3.0.0"
    jsonschema: "npm:^1.4.1"
    lodash: "npm:^4.17.21"
    prettier: "npm:^3.3.2"
    reflect-metadata: "npm:^0.2.2"
    rimraf: "npm:^6.0.1"
    rollup: "npm:^4.18.0"
    ts-jest: "npm:^29.2.6"
    typescript: "npm:^5.6.2"
  peerDependencies:
    axios: ^1.13.1
  bin:
    che-devworkspace-generator: lib/entrypoint.js
  languageName: unknown
  linkType: soft
